---
lockfileVersion: '9.0'

importers:

  .:
    configDependencies: {}
    packageManagerDependencies:
      '@pnpm/exe':
        specifier: 11.9.0
        version: 11.9.0
      pnpm:
        specifier: 11.9.0
        version: 11.9.0

packages:

  '@pnpm/exe@11.9.0':
    resolution: {integrity: sha512-pPPOpR79qW3nsNhlyDIdfstli4Bi78mk8r22ySxpFRwMbO8KXSjGrVzGmJBsVX39NnJTh7/WADj527nZhG9H9g==}
    hasBin: true

  '@pnpm/linux-arm64@11.9.0':
    resolution: {integrity: sha512-XYmY2qadHauBA3QaHi2R7fI6kt5Flje0WHz9MVrbH0kVH/XLpfOLnwPeE1+EX6K/nDa2CBvzp35VjYCNGFJa9A==}
    cpu: [arm64]
    os: [linux]

  '@pnpm/linux-x64@11.9.0':
    resolution: {integrity: sha512-fl7W5imnSmmgXIqMQFZ/rPaVvk9OkKF8/anqHZE3XEDfWcn3BlWGndyOEas/JN7u2BXWYjs63DJZ3rnG6WOhLA==}
    cpu: [x64]
    os: [linux]

  '@pnpm/linuxstatic-arm64@11.9.0':
    resolution: {integrity: sha512-fif8xbnzVEAIlvaU4yIgWKXeXYb4Kj6WMEl/KvM2x1Rp3AKAjBW/53SGzxO4cZP9doAqUzOIpMRGFVbHGeMDRw==}
    cpu: [arm64]
    os: [linux]
    libc: [musl]

  '@pnpm/linuxstatic-x64@11.9.0':
    resolution: {integrity: sha512-9dKu3QdShqOpnWrjW9owARpIJeP0ul8UgIIbBUv8VDGEYibt+g49zQsNaD7SdMD3WeRSjExPQ1zIhplzr5cwvQ==}
    cpu: [x64]
    os: [linux]
    libc: [musl]

  '@pnpm/macos-arm64@11.9.0':
    resolution: {integrity: sha512-MWzBTgeI5p3odjdVltYvFXaSWAjF2Xk5YaxiP/u2RmW8N6PHsLyIyj37Ds992CrXgFM8fO1RpvsEirozhsD6KA==}
    cpu: [arm64]
    os: [darwin]

  '@pnpm/win-arm64@11.9.0':
    resolution: {integrity: sha512-u/QxEcbKJZxC1t3zUYCZiHzu7TaZ/iXc6EGZoQjkeVT0LXmEVR6ypcK3ByjhIqbxQ3HGX75gnpIpR+VjRjubfw==}
    cpu: [arm64]
    os: [win32]

  '@pnpm/win-x64@11.9.0':
    resolution: {integrity: sha512-HqJVHmZG5UKfLi38AjMl2azVmq87TlWRhwSW+f4q9LLaZeAkFyIZ7LY/pN6mh4VlH9yWj90C+tsb1yKiy7OKnw==}
    cpu: [x64]
    os: [win32]

  '@reflink/reflink-darwin-arm64@0.1.19':
    resolution: {integrity: sha512-ruy44Lpepdk1FqDz38vExBY/PVUsjxZA+chd9wozjUH9JjuDT/HEaQYA6wYN9mf041l0yLVar6BCZuWABJvHSA==}
    engines: {node: '>= 10'}
    cpu: [arm64]
    os: [darwin]

  '@reflink/reflink-darwin-x64@0.1.19':
    resolution: {integrity: sha512-By85MSWrMZa+c26TcnAy8SDk0sTUkYlNnwknSchkhHpGXOtjNDUOxJE9oByBnGbeuIE1PiQsxDG3Ud+IVV9yuA==}
    engines: {node: '>= 10'}
    cpu: [x64]
    os: [darwin]

  '@reflink/reflink-linux-arm64-gnu@0.1.19':
    resolution: {integrity: sha512-7P+er8+rP9iNeN+bfmccM4hTAaLP6PQJPKWSA4iSk2bNvo6KU6RyPgYeHxXmzNKzPVRcypZQTpFgstHam6maVg==}
    engines: {node: '>= 10'}
    cpu: [arm64]
    os: [linux]
    libc: [glibc]

  '@reflink/reflink-linux-arm64-musl@0.1.19':
    resolution: {integrity: sha512-37iO/Dp6m5DDaC2sf3zPtx/hl9FV3Xze4xoYidrxxS9bgP3S8ALroxRK6xBG/1TtfXKTvolvp+IjrUU6ujIGmA==}
    engines: {node: '>= 10'}
    cpu: [arm64]
    os: [linux]
    libc: [musl]

  '@reflink/reflink-linux-x64-gnu@0.1.19':
    resolution: {integrity: sha512-jbI8jvuYCaA3MVUdu8vLoLAFqC+iNMpiSuLbxlAgg7x3K5bsS8nOpTRnkLF7vISJ+rVR8W+7ThXlXlUQ93ulkw==}
    engines: {node: '>= 10'}
    cpu: [x64]
    os: [linux]
    libc: [glibc]

  '@reflink/reflink-linux-x64-musl@0.1.19':
    resolution: {integrity: sha512-e9FBWDe+lv7QKAwtKOt6A2W/fyy/aEEfr0g6j/hWzvQcrzHCsz07BNQYlNOjTfeytrtLU7k449H1PI95jA4OjQ==}
    engines: {node: '>= 10'}
    cpu: [x64]
    os: [linux]
    libc: [musl]

  '@reflink/reflink-win32-arm64-msvc@0.1.19':
    resolution: {integrity: sha512-09PxnVIQcd+UOn4WAW73WU6PXL7DwGS6wPlkMhMg2zlHHG65F3vHepOw06HFCq+N42qkaNAc8AKIabWvtk6cIQ==}
    engines: {node: '>= 10'}
    cpu: [arm64]
    os: [win32]

  '@reflink/reflink-win32-x64-msvc@0.1.19':
    resolution: {integrity: sha512-E//yT4ni2SyhwP8JRjVGWr3cbnhWDiPLgnQ66qqaanjjnMiu3O/2tjCPQXlcGc/DEYofpDc9fvhv6tALQsMV9w==}
    engines: {node: '>= 10'}
    cpu: [x64]
    os: [win32]

  '@reflink/reflink@0.1.19':
    resolution: {integrity: sha512-DmCG8GzysnCZ15bres3N5AHCmwBwYgp0As6xjhQ47rAUTUXxJiK+lLUxaGsX3hd/30qUpVElh05PbGuxRPgJwA==}
    engines: {node: '>= 10'}

  detect-libc@2.1.2:
    resolution: {integrity: sha512-Btj2BOOO83o3WyH59e8MgXsxEQVcarkUOpEYrubB0urwnN10yQ364rsiByU11nZlqWYZm05i/of7io4mzihBtQ==}
    engines: {node: '>=8'}

  pnpm@11.9.0:
    resolution: {integrity: sha512-vWgtXQP+Ul73yf1ngMaITR51asTJyf4AxTh4KCQxDc+Q493E9Tg18G3669UIXkGFXgvLs7YN4qxburieUDbwOw==}
    engines: {node: '>=22.13'}
    hasBin: true

snapshots:

  '@pnpm/exe@11.9.0':
    dependencies:
      '@reflink/reflink': 0.1.19
      detect-libc: 2.1.2
    optionalDependencies:
      '@pnpm/linux-arm64': 11.9.0
      '@pnpm/linux-x64': 11.9.0
      '@pnpm/linuxstatic-arm64': 11.9.0
      '@pnpm/linuxstatic-x64': 11.9.0
      '@pnpm/macos-arm64': 11.9.0
      '@pnpm/win-arm64': 11.9.0
      '@pnpm/win-x64': 11.9.0

  '@pnpm/linux-arm64@11.9.0':
    optional: true

  '@pnpm/linux-x64@11.9.0':
    optional: true

  '@pnpm/linuxstatic-arm64@11.9.0':
    optional: true

  '@pnpm/linuxstatic-x64@11.9.0':
    optional: true

  '@pnpm/macos-arm64@11.9.0':
    optional: true

  '@pnpm/win-arm64@11.9.0':
    optional: true

  '@pnpm/win-x64@11.9.0':
    optional: true

  '@reflink/reflink-darwin-arm64@0.1.19':
    optional: true

  '@reflink/reflink-darwin-x64@0.1.19':
    optional: true

  '@reflink/reflink-linux-arm64-gnu@0.1.19':
    optional: true

  '@reflink/reflink-linux-arm64-musl@0.1.19':
    optional: true

  '@reflink/reflink-linux-x64-gnu@0.1.19':
    optional: true

  '@reflink/reflink-linux-x64-musl@0.1.19':
    optional: true

  '@reflink/reflink-win32-arm64-msvc@0.1.19':
    optional: true

  '@reflink/reflink-win32-x64-msvc@0.1.19':
    optional: true

  '@reflink/reflink@0.1.19':
    optionalDependencies:
      '@reflink/reflink-darwin-arm64': 0.1.19
      '@reflink/reflink-darwin-x64': 0.1.19
      '@reflink/reflink-linux-arm64-gnu': 0.1.19
      '@reflink/reflink-linux-arm64-musl': 0.1.19
      '@reflink/reflink-linux-x64-gnu': 0.1.19
      '@reflink/reflink-linux-x64-musl': 0.1.19
      '@reflink/reflink-win32-arm64-msvc': 0.1.19
      '@reflink/reflink-win32-x64-msvc': 0.1.19

  detect-libc@2.1.2: {}

  pnpm@11.9.0: {}

---
lockfileVersion: '9.0'

settings:
  autoInstallPeers: true
  excludeLinksFromLockfile: false

importers:

  .:
    dependencies:
      '@node-rs/xxhash':
        specifier: ^1.7.6
        version: 1.7.6
    devDependencies:
      '@types/node':
        specifier: ^26.1.1
        version: 26.1.1

packages:

  '@emnapi/core@1.11.2':
    resolution: {integrity: sha512-TC8MkTuZUtcTSiFeuC0ksCh9QIJ5+F21MvZ4Wn4ORfYaFJ/0dsiudv5tVkejgwZlwQ39jL9WWDe2lz8x0WglOA==}

  '@emnapi/runtime@1.11.2':
    resolution: {integrity: sha512-kyOl3X0DuTiT1h2ft8r2fYO8JYtU9a9Xis/zBSiGArNaagCOWx90N1k2wxp18czFDH+OgcWGb5ZP/XMt3dcyPA==}

  '@emnapi/wasi-threads@1.2.2':
    resolution: {integrity: sha512-c95qOXkHdydNKhscBTebqEC1CVAZpyqOfVfBzQ1qgzyl3gfeldUjIggDbIZgDKsHLgnsM+igH7TJ/eAasaVuMA==}

  '@napi-rs/wasm-runtime@0.2.12':
    resolution: {integrity: sha512-ZVWUcfwY4E/yPitQJl481FjFo3K22D6qF0DuFH6Y/nbnE11GY5uguDxZMGXPQ8WQ0128MXQD7TnfHyK4oWoIJQ==}

  '@node-rs/xxhash-android-arm-eabi@1.7.6':
    resolution: {integrity: sha512-ptmfpFZ8SgTef58Us+0HsZ9BKhyX/gZYbhLkuzPt7qUoMqMSJK85NC7LEgzDgjUiG+S5GahEEQ9/tfh9BVvKhw==}
    engines: {node: '>= 12'}
    cpu: [arm]
    os: [android]

  '@node-rs/xxhash-android-arm64@1.7.6':
    resolution: {integrity: sha512-n4MyZvqifuoARfBvrZ2IBqmsGzwlVI3kb2mB0gVvoHtMsPbl/q94zoDBZ7WgeP3t4Wtli+QS3zgeTCOWUbqqUQ==}
    engines: {node: '>= 12'}
    cpu: [arm64]
    os: [android]

  '@node-rs/xxhash-darwin-arm64@1.7.6':
    resolution: {integrity: sha512-6xGuE07CiCIry/KT3IiwQd/kykTOmjKzO/ZnHlE5ibGMx64NFE0qDuwJbxQ4rGyUzgJ0KuN9ZdOhUDJmepnpcw==}
    engines: {node: '>= 12'}
    cpu: [arm64]
    os: [darwin]

  '@node-rs/xxhash-darwin-x64@1.7.6':
    resolution: {integrity: sha512-Z4oNnhyznDvHhxv+s0ka+5KG8mdfLVucZMZMejj9BL+CPmamClygPiHIRiifRcPAoX9uPZykaCsULngIfLeF3Q==}
    engines: {node: '>= 12'}
    cpu: [x64]
    os: [darwin]

  '@node-rs/xxhash-freebsd-x64@1.7.6':
    resolution: {integrity: sha512-arCDOf3xZ5NfBL5fk5J52sNPjXL2cVWN6nXNB3nrtRFFdPBLsr6YXtshAc6wMVxnIW4VGaEv/5K6IpTA8AFyWw==}
    engines: {node: '>= 12'}
    cpu: [x64]
    os: [freebsd]

  '@node-rs/xxhash-linux-arm-gnueabihf@1.7.6':
    resolution: {integrity: sha512-ndLLEW+MwLH3lFS0ahlHCcmkf2ykOv/pbP8OBBeAOlz/Xc3jKztg5IJ9HpkjKOkHk470yYxgHVaw1QMoMzU00A==}
    engines: {node: '>= 12'}
    cpu: [arm]
    os: [linux]

  '@node-rs/xxhash-linux-arm64-gnu@1.7.6':
    resolution: {integrity: sha512-VX7VkTG87mAdrF2vw4aroiRpFIIN8Lj6NgtGHF+IUVbzQxPudl4kG+FPEjsNH8y04yQxRbPE7naQNgHcTKMrNw==}
    engines: {node: '>= 12'}
    cpu: [arm64]
    os: [linux]
    libc: [glibc]

  '@node-rs/xxhash-linux-arm64-musl@1.7.6':
    resolution: {integrity: sha512-AB5m6crGYSllM9F/xZNOQSPImotR5lOa9e4arW99Bv82S+gcpphI8fGMDOVTTCXY/RLRhvvhwzLDxmLB2O8VDg==}
    engines: {node: '>= 12'}
    cpu: [arm64]
    os: [linux]
    libc: [musl]

  '@node-rs/xxhash-linux-x64-gnu@1.7.6':
    resolution: {integrity: sha512-a2A6M+5tc0PVlJlE/nl0XsLEzMpKkwg7Y1lR5urFUbW9uVQnKjJYQDrUojhlXk0Uv3VnYQPa6ThmwlacZA5mvQ==}
    engines: {node: '>= 12'}
    cpu: [x64]
    os: [linux]
    libc: [glibc]

  '@node-rs/xxhash-linux-x64-musl@1.7.6':
    resolution: {integrity: sha512-WioGJSC1GoxQpmdQrG5l/uddSBAS4XCWczHNwXe895J5xadGQzyvmr0r17BNfihvbBUDH1H9jwouNYzDDeA6+A==}
    engines: {node: '>= 12'}
    cpu: [x64]
    os: [linux]
    libc: [musl]

  '@node-rs/xxhash-wasm32-wasi@1.7.6':
    resolution: {integrity: sha512-WDXXKMMFMrez+esm2DzMPHFNPFYf+wQUtaXrXwtxXeQMFEzleOLwEaqV0+bbXGJTwhPouL3zY1Qo2xmIH4kkTg==}
    engines: {node: '>=14.0.0'}
    cpu: [wasm32]

  '@node-rs/xxhash-win32-arm64-msvc@1.7.6':
    resolution: {integrity: sha512-qjDFUZJT/Zq0yFS+0TApkD86p0NBdPXlOoHur9yNeO9YX2/9/b1sC2P7N27PgOu13h61TUOvTUC00e/82jAZRQ==}
    engines: {node: '>= 12'}
    cpu: [arm64]
    os: [win32]

  '@node-rs/xxhash-win32-ia32-msvc@1.7.6':
    resolution: {integrity: sha512-s7a+mQWOTnU4NiiypRq/vbNGot/il0HheXuy9oxJ0SW2q/e4BJ8j0pnP6UBlAjsk+005A76vOwsEj01qbQw8+A==}
    engines: {node: '>= 12'}
    cpu: [ia32]
    os: [win32]

  '@node-rs/xxhash-win32-x64-msvc@1.7.6':
    resolution: {integrity: sha512-zHOHm2UaIahRhgRPJll+4Xy4Z18aAT/7KNeQW+QJupGvFz+GzOFXMGs3R/3B1Ktob/F5ui3i1MrW9GEob3CWTg==}
    engines: {node: '>= 12'}
    cpu: [x64]
    os: [win32]

  '@node-rs/xxhash@1.7.6':
    resolution: {integrity: sha512-XMisO+aQHsVpxRp/85EszTtOQTOlhPbd149P/Xa9F55wafA6UM3h2UhOgOs7aAzItnHU/Aw1WQ1FVTEg7WB43Q==}
    engines: {node: '>= 12'}

  '@tybys/wasm-util@0.10.3':
    resolution: {integrity: sha512-F3fo1MYrRJYL3zER0OUOmkutjr1Vp23m7OsSgp7nq4SP6OqX6C/56XFIPAl5bt3zaBRjmW7SGz3u/6LwFpYcOg==}

  '@types/node@26.1.1':
    resolution: {integrity: sha512-nxAkRSVkN1Y0JC1W8ky/fTfkGsMmcrRsbx+3XoZE+rMOX71kLYTV7fLXpqud1GpbpP5TuffXFqfX7fH2GgZREw==}

  tslib@2.8.1:
    resolution: {integrity: sha512-oJFu94HQb+KVduSUQL7wnpmqnfmLsOA/nAh6b6EH0wCEoK0/mPeXU6c3wKDV83MkOuHPRHtSXKKU99IBazS/2w==}

  undici-types@8.3.0:
    resolution: {integrity: sha512-j375ScV60dom+YkPFIfTLcOiPxkN/buHz5GobjLhixFuANaNs3C9l4GmrWqejgXWJ7BbJcFYpTEUkS1Ge8bpZQ==}

snapshots:

  '@emnapi/core@1.11.2':
    dependencies:
      '@emnapi/wasi-threads': 1.2.2
      tslib: 2.8.1
    optional: true

  '@emnapi/runtime@1.11.2':
    dependencies:
      tslib: 2.8.1
    optional: true

  '@emnapi/wasi-threads@1.2.2':
    dependencies:
      tslib: 2.8.1
    optional: true

  '@napi-rs/wasm-runtime@0.2.12':
    dependencies:
      '@emnapi/core': 1.11.2
      '@emnapi/runtime': 1.11.2
      '@tybys/wasm-util': 0.10.3
    optional: true

  '@node-rs/xxhash-android-arm-eabi@1.7.6':
    optional: true

  '@node-rs/xxhash-android-arm64@1.7.6':
    optional: true

  '@node-rs/xxhash-darwin-arm64@1.7.6':
    optional: true

  '@node-rs/xxhash-darwin-x64@1.7.6':
    optional: true

  '@node-rs/xxhash-freebsd-x64@1.7.6':
    optional: true

  '@node-rs/xxhash-linux-arm-gnueabihf@1.7.6':
    optional: true

  '@node-rs/xxhash-linux-arm64-gnu@1.7.6':
    optional: true

  '@node-rs/xxhash-linux-arm64-musl@1.7.6':
    optional: true

  '@node-rs/xxhash-linux-x64-gnu@1.7.6':
    optional: true

  '@node-rs/xxhash-linux-x64-musl@1.7.6':
    optional: true

  '@node-rs/xxhash-wasm32-wasi@1.7.6':
    dependencies:
      '@napi-rs/wasm-runtime': 0.2.12
    optional: true

  '@node-rs/xxhash-win32-arm64-msvc@1.7.6':
    optional: true

  '@node-rs/xxhash-win32-ia32-msvc@1.7.6':
    optional: true

  '@node-rs/xxhash-win32-x64-msvc@1.7.6':
    optional: true

  '@node-rs/xxhash@1.7.6':
    optionalDependencies:
      '@node-rs/xxhash-android-arm-eabi': 1.7.6
      '@node-rs/xxhash-android-arm64': 1.7.6
      '@node-rs/xxhash-darwin-arm64': 1.7.6
      '@node-rs/xxhash-darwin-x64': 1.7.6
      '@node-rs/xxhash-freebsd-x64': 1.7.6
      '@node-rs/xxhash-linux-arm-gnueabihf': 1.7.6
      '@node-rs/xxhash-linux-arm64-gnu': 1.7.6
      '@node-rs/xxhash-linux-arm64-musl': 1.7.6
      '@node-rs/xxhash-linux-x64-gnu': 1.7.6
      '@node-rs/xxhash-linux-x64-musl': 1.7.6
      '@node-rs/xxhash-wasm32-wasi': 1.7.6
      '@node-rs/xxhash-win32-arm64-msvc': 1.7.6
      '@node-rs/xxhash-win32-ia32-msvc': 1.7.6
      '@node-rs/xxhash-win32-x64-msvc': 1.7.6

  '@tybys/wasm-util@0.10.3':
    dependencies:
      tslib: 2.8.1
    optional: true

  '@types/node@26.1.1':
    dependencies:
      undici-types: 8.3.0

  tslib@2.8.1:
    optional: true

  undici-types@8.3.0: {}
